Microsoft Visual Studio Solution File, Format Version 12.00
# Visual Studio Version 17
VisualStudioVersion = 17.5.2.0
MinimumVisualStudioVersion = 10.0.40219.1
Project("{FAE04EC0-301F-11D3-BF4B-00C04F79EFBC}") = "csharp-projeto", "csharp-projeto.csproj", "{CBCD8160-EBE5-DC5E-88C5-EA0F68EC9D8B}"
EndProject
Global
	GlobalSection(SolutionConfigurationPlatforms) = preSolution
		Debug|Any CPU = Debug|Any CPU
		Release|Any CPU = Release|Any CPU
	EndGlobalSection
	GlobalSection(ProjectConfigurationPlatforms) = postSolution
		{CBCD8160-EBE5-DC5E-88C5-EA0F68EC9D8B}.Debug|Any CPU.ActiveCfg = Debug|Any CPU
		{CBCD8160-EBE5-DC5E-88C5-EA0F68EC9D8B}.Debug|Any CPU.Build.0 = Debug|Any CPU
		{CBCD8160-EBE5-DC5E-88C5-EA0F68EC9D8B}.Release|Any CPU.ActiveCfg = Release|Any CPU
		{CBCD8160-EBE5-DC5E-88C5-EA0F68EC9D8B}.Release|Any CPU.Build.0 = Release|Any CPU
	EndGlobalSection
	GlobalSection(SolutionProperties) = preSolution
		HideSolutionNode = FALSE
	EndGlobalSection
	GlobalSection(ExtensibilityGlobals) = postSolution
		SolutionGuid = {C2CFBA95-FFA2-4399-928C-94A3E6C0A769}
	EndGlobalSection
EndGlobal
